
Microsoft Visual Studio Solution File, Format Version 12.00
# Visual Studio Version 16
VisualStudioVersion = 16.0.29519.87
MinimumVisualStudioVersion = 10.0.40219.1
Project("{8BC9CEB8-8B4A-11D0-8D11-00A0C91BC942}") = "MySQL_Cpp", "MySQL_Cpp.vcxproj", "{572DE920-1854-40FB-BE1A-CF6E7A665794}"
EndProject
Global
	GlobalSection(SolutionConfigurationPlatforms) = preSolution
		Debug|x64 = Debug|x64
		Debug|x86 = Debug|x86
		Release|x64 = Release|x64
		Release|x86 = Release|x86
	EndGlobalSection
	GlobalSection(ProjectConfigurationPlatforms) = postSolution
		{572DE920-1854-40FB-BE1A-CF6E7A665794}.Debug|x64.ActiveCfg = Debug|x64
		{572DE920-1854-40FB-BE1A-CF6E7A665794}.Debug|x64.Build.0 = Debug|x64
		{572DE920-1854-40FB-BE1A-CF6E7A665794}.Debug|x86.ActiveCfg = Debug|x64
		{572DE920-1854-40FB-BE1A-CF6E7A665794}.Debug|x86.Build.0 = Debug|x64
		{572DE920-1854-40FB-BE1A-CF6E7A665794}.Release|x64.ActiveCfg = Release|x64
		{572DE920-1854-40FB-BE1A-CF6E7A665794}.Release|x64.Build.0 = Release|x64
		{572DE920-1854-40FB-BE1A-CF6E7A665794}.Release|x86.ActiveCfg = Release|Win32
		{572DE920-1854-40FB-BE1A-CF6E7A665794}.Release|x86.Build.0 = Release|Win32
	EndGlobalSection
	GlobalSection(SolutionProperties) = preSolution
		HideSolutionNode = FALSE
	EndGlobalSection
	GlobalSection(ExtensibilityGlobals) = postSolution
		SolutionGuid = {62F90C2A-BBB4-4644-9D08-1FAFD008E4AD}
	EndGlobalSection
EndGlobal
